
Microsoft Visual Studio Solution File, Format Version 12.00
# Visual Studio Version 17
VisualStudioVersion = 17.4.33213.308
MinimumVisualStudioVersion = 10.0.40219.1
Project("{FAE04EC0-301F-11D3-BF4B-00C04F79EFBC}") = "SqlApp", "SqlApp\SqlApp.csproj", "{F1F8881F-378F-44B0-92E2-257591A7BE92}"
EndProject
Global
	GlobalSection(SolutionConfigurationPlatforms) = preSolution
		Debug|Any CPU = Debug|Any CPU
		Release|Any CPU = Release|Any CPU
	EndGlobalSection
	GlobalSection(ProjectConfigurationPlatforms) = postSolution
		{F1F8881F-378F-44B0-92E2-257591A7BE92}.Debug|Any CPU.ActiveCfg = Debug|Any CPU
		{F1F8881F-378F-44B0-92E2-257591A7BE92}.Debug|Any CPU.Build.0 = Debug|Any CPU
		{F1F8881F-378F-44B0-92E2-257591A7BE92}.Release|Any CPU.ActiveCfg = Release|Any CPU
		{F1F8881F-378F-44B0-92E2-257591A7BE92}.Release|Any CPU.Build.0 = Release|Any CPU
	EndGlobalSection
	GlobalSection(SolutionProperties) = preSolution
		HideSolutionNode = FALSE
	EndGlobalSection
	GlobalSection(ExtensibilityGlobals) = postSolution
		SolutionGuid = {D77013A4-8260-4995-BD08-DE7A7DAB1635}
	EndGlobalSection
EndGlobal
